
Microsoft Visual Studio Solution File, Format Version 12.00
# Visual Studio Version 16
VisualStudioVersion = 16.0.30114.105
MinimumVisualStudioVersion = 10.0.40219.1
Project("{FAE04EC0-301F-11D3-BF4B-00C04F79EFBC}") = "GMTK22", "GMTK22\GMTK22.csproj", "{C6CCA2B1-F1A4-4063-80FA-6E126F6381AE}"
EndProject
Project("{2150E333-8FDC-42A3-9474-1A3956D46DE8}") = "machina", "machina", "{97AB1654-CC64-435A-A549-E7DFE7213CE3}"
EndProject
Project("{FAE04EC0-301F-11D3-BF4B-00C04F79EFBC}") = "Machina", "machina\Machina\Machina.csproj", "{E7423E5A-C076-44AB-8106-976DC1DE1A94}"
EndProject
Project("{FAE04EC0-301F-11D3-BF4B-00C04F79EFBC}") = "MachinaDesktop", "machina\MachinaDesktop\MachinaDesktop.csproj", "{75A6E325-8B5D-4666-A380-C177147B085E}"
EndProject
Project("{FAE04EC0-301F-11D3-BF4B-00C04F79EFBC}") = "TestMachina", "machina\TestMachina\TestMachina.csproj", "{047B6504-27EC-48D4-B4BA-A2F8D78311E3}"
EndProject
Project("{D954291E-2A0B-460D-934E-DC6B0785DB48}") = "MachinaAssets", "machina\MachinaAssets\MachinaAssets.shproj", "{A0CDBD0E-3A41-42B7-9425-A838BC2C7383}"
EndProject
Project("{FAE04EC0-301F-11D3-BF4B-00C04F79EFBC}") = "ExTween", "machina\extween\ExTween\ExTween.csproj", "{938A9BE4-3200-4AE5-9954-5551281BFD46}"
EndProject
Project("{FAE04EC0-301F-11D3-BF4B-00C04F79EFBC}") = "ExTween.MonoGame", "machina\extween\ExTween.MonoGame\ExTween.MonoGame.csproj", "{9E9B9629-869B-488A-B30E-08F811259E9F}"
EndProject
Project("{FAE04EC0-301F-11D3-BF4B-00C04F79EFBC}") = "ExTween.Art", "machina\extween\ExTween.Art\ExTween.Art.csproj", "{4EAC2E29-0B21-4F73-8472-B596B04616E6}"
EndProject
Global
	GlobalSection(SolutionConfigurationPlatforms) = preSolution
		Debug|Any CPU = Debug|Any CPU
		Release|Any CPU = Release|Any CPU
	EndGlobalSection
	GlobalSection(SolutionProperties) = preSolution
		HideSolutionNode = FALSE
	EndGlobalSection
	GlobalSection(ProjectConfigurationPlatforms) = postSolution
		{C6CCA2B1-F1A4-4063-80FA-6E126F6381AE}.Debug|Any CPU.ActiveCfg = Debug|Any CPU
		{C6CCA2B1-F1A4-4063-80FA-6E126F6381AE}.Debug|Any CPU.Build.0 = Debug|Any CPU
		{C6CCA2B1-F1A4-4063-80FA-6E126F6381AE}.Release|Any CPU.ActiveCfg = Release|Any CPU
		{C6CCA2B1-F1A4-4063-80FA-6E126F6381AE}.Release|Any CPU.Build.0 = Release|Any CPU
		{E7423E5A-C076-44AB-8106-976DC1DE1A94}.Debug|Any CPU.ActiveCfg = Debug|Any CPU
		{E7423E5A-C076-44AB-8106-976DC1DE1A94}.Debug|Any CPU.Build.0 = Debug|Any CPU
		{E7423E5A-C076-44AB-8106-976DC1DE1A94}.Release|Any CPU.ActiveCfg = Release|Any CPU
		{E7423E5A-C076-44AB-8106-976DC1DE1A94}.Release|Any CPU.Build.0 = Release|Any CPU
		{75A6E325-8B5D-4666-A380-C177147B085E}.Debug|Any CPU.ActiveCfg = Debug|Any CPU
		{75A6E325-8B5D-4666-A380-C177147B085E}.Debug|Any CPU.Build.0 = Debug|Any CPU
		{75A6E325-8B5D-4666-A380-C177147B085E}.Release|Any CPU.ActiveCfg = Release|Any CPU
		{75A6E325-8B5D-4666-A380-C177147B085E}.Release|Any CPU.Build.0 = Release|Any CPU
		{047B6504-27EC-48D4-B4BA-A2F8D78311E3}.Debug|Any CPU.ActiveCfg = Debug|Any CPU
		{047B6504-27EC-48D4-B4BA-A2F8D78311E3}.Debug|Any CPU.Build.0 = Debug|Any CPU
		{047B6504-27EC-48D4-B4BA-A2F8D78311E3}.Release|Any CPU.ActiveCfg = Release|Any CPU
		{047B6504-27EC-48D4-B4BA-A2F8D78311E3}.Release|Any CPU.Build.0 = Release|Any CPU
		{938A9BE4-3200-4AE5-9954-5551281BFD46}.Debug|Any CPU.ActiveCfg = Debug|Any CPU
		{938A9BE4-3200-4AE5-9954-5551281BFD46}.Debug|Any CPU.Build.0 = Debug|Any CPU
		{938A9BE4-3200-4AE5-9954-5551281BFD46}.Release|Any CPU.ActiveCfg = Release|Any CPU
		{938A9BE4-3200-4AE5-9954-5551281BFD46}.Release|Any CPU.Build.0 = Release|Any CPU
		{9E9B9629-869B-488A-B30E-08F811259E9F}.Debug|Any CPU.ActiveCfg = Debug|Any CPU
		{9E9B9629-869B-488A-B30E-08F811259E9F}.Debug|Any CPU.Build.0 = Debug|Any CPU
		{9E9B9629-869B-488A-B30E-08F811259E9F}.Release|Any CPU.ActiveCfg = Release|Any CPU
		{9E9B9629-869B-488A-B30E-08F811259E9F}.Release|Any CPU.Build.0 = Release|Any CPU
		{4EAC2E29-0B21-4F73-8472-B596B04616E6}.Debug|Any CPU.ActiveCfg = Debug|Any CPU
		{4EAC2E29-0B21-4F73-8472-B596B04616E6}.Debug|Any CPU.Build.0 = Debug|Any CPU
		{4EAC2E29-0B21-4F73-8472-B596B04616E6}.Release|Any CPU.ActiveCfg = Release|Any CPU
		{4EAC2E29-0B21-4F73-8472-B596B04616E6}.Release|Any CPU.Build.0 = Release|Any CPU
	EndGlobalSection
	GlobalSection(NestedProjects) = preSolution
		{E7423E5A-C076-44AB-8106-976DC1DE1A94} = {97AB1654-CC64-435A-A549-E7DFE7213CE3}
		{75A6E325-8B5D-4666-A380-C177147B085E} = {97AB1654-CC64-435A-A549-E7DFE7213CE3}
		{047B6504-27EC-48D4-B4BA-A2F8D78311E3} = {97AB1654-CC64-435A-A549-E7DFE7213CE3}
		{A0CDBD0E-3A41-42B7-9425-A838BC2C7383} = {97AB1654-CC64-435A-A549-E7DFE7213CE3}
		{938A9BE4-3200-4AE5-9954-5551281BFD46} = {97AB1654-CC64-435A-A549-E7DFE7213CE3}
		{9E9B9629-869B-488A-B30E-08F811259E9F} = {97AB1654-CC64-435A-A549-E7DFE7213CE3}
		{4EAC2E29-0B21-4F73-8472-B596B04616E6} = {97AB1654-CC64-435A-A549-E7DFE7213CE3}
	EndGlobalSection
EndGlobal
